
Microsoft Visual Studio Solution File, Format Version 12.00
# Visual Studio 2012
Project("{FAE04EC0-301F-11D3-BF4B-00C04F79EFBC}") = "LinqExerciseAssignment1", "LinqExerciseAssignment1\LinqExerciseAssignment1.csproj", "{30D5E23B-2D10-4ED8-9F06-8498191EAC5D}"
EndProject
Global
	GlobalSection(SolutionConfigurationPlatforms) = preSolution
		Debug|Any CPU = Debug|Any CPU
		Release|Any CPU = Release|Any CPU
	EndGlobalSection
	GlobalSection(ProjectConfigurationPlatforms) = postSolution
		{30D5E23B-2D10-4ED8-9F06-8498191EAC5D}.Debug|Any CPU.ActiveCfg = Debug|Any CPU
		{30D5E23B-2D10-4ED8-9F06-8498191EAC5D}.Debug|Any CPU.Build.0 = Debug|Any CPU
		{30D5E23B-2D10-4ED8-9F06-8498191EAC5D}.Release|Any CPU.ActiveCfg = Release|Any CPU
		{30D5E23B-2D10-4ED8-9F06-8498191EAC5D}.Release|Any CPU.Build.0 = Release|Any CPU
	EndGlobalSection
	GlobalSection(SolutionProperties) = preSolution
		HideSolutionNode = FALSE
	EndGlobalSection
EndGlobal
